// !$*UTF8*$!
{
	archiveVersion = 1;
	classes = {
	};
	objectVersion = 55;
	objects = {

/* Begin PBXBuildFile section */
		8116B8322869B90900D94E4D /* Test_2App.swift in Sources */ = {isa = PBXBuildFile; fileRef = 8116B8312869B90900D94E4D /* Test_2App.swift */; };
		8116B8342869B90900D94E4D /* ContentView.swift in Sources */ = {isa = PBXBuildFile; fileRef = 8116B8332869B90900D94E4D /* ContentView.swift */; };
		8116B8362869B90B00D94E4D /* Assets.xcassets in Resources */ = {isa = PBXBuildFile; fileRef = 8116B8352869B90A00D94E4D /* Assets.xcassets */; };
		8116B8392869B90B00D94E4D /* Preview Assets.xcassets in Resources */ = {isa = PBXBuildFile; fileRef = 8116B8382869B90B00D94E4D /* Preview Assets.xcassets */; };
		8116B8432869B90B00D94E4D /* Test_2Tests.swift in Sources */ = {isa = PBXBuildFile; fileRef = 8116B8422869B90B00D94E4D /* Test_2Tests.swift */; };
		8116B84D2869B90B00D94E4D /* Test_2UITests.swift in Sources */ = {isa = PBXBuildFile; fileRef = 8116B84C2869B90B00D94E4D /* Test_2UITests.swift */; };
		8116B84F2869B90B00D94E4D /* Test_2UITestsLaunchTests.swift in Sources */ = {isa = PBXBuildFile; fileRef = 8116B84E2869B90B00D94E4D /* Test_2UITestsLaunchTests.swift */; };
		81A3DAAB2869D44600E7F0CB /* MyWebView.swift in Sources */ = {isa = PBXBuildFile; fileRef = 81A3DAAA2869D44600E7F0CB /* MyWebView.swift */; };
/* End PBXBuildFile section */

/* Begin PBXContainerItemProxy section */
		8116B83F2869B90B00D94E4D /* PBXContainerItemProxy */ = {
			isa = PBXContainerItemProxy;
			containerPortal = 8116B8262869B90900D94E4D /* Project object */;
			proxyType = 1;
			remoteGlobalIDString = 8116B82D2869B90900D94E4D;
			remoteInfo = Test_2;
		};
		8116B8492869B90B00D94E4D /* PBXContainerItemProxy */ = {
			isa = PBXContainerItemProxy;
			containerPortal = 8116B8262869B90900D94E4D /* Project object */;
			proxyType = 1;
			remoteGlobalIDString = 8116B82D2869B90900D94E4D;
			remoteInfo = Test_2;
		};
/* End PBXContainerItemProxy section */

/* Begin PBXFileReference section */
		8116B82E2869B90900D94E4D /* Test_2.app */ = {isa = PBXFileReference; explicitFileType = wrapper.application; includeInIndex = 0; path = Test_2.app; sourceTree = BUILT_PRODUCTS_DIR; };
		8116B8312869B90900D94E4D /* Test_2App.swift */ = {isa = PBXFileReference; lastKnownFileType = sourcecode.swift; path = Test_2App.swift; sourceTree = "<group>"; };
		8116B8332869B90900D94E4D /* ContentView.swift */ = {isa = PBXFileReference; lastKnownFileType = sourcecode.swift; path = ContentView.swift; sourceTree = "<group>"; };
		8116B8352869B90A00D94E4D /* Assets.xcassets */ = {isa = PBXFileReference; lastKnownFileType = folder.assetcatalog; path = Assets.xcassets; sourceTree = "<group>"; };
		8116B8382869B90B00D94E4D /* Preview Assets.xcassets */ = {isa = PBXFileReference; lastKnownFileType = folder.assetcatalog; path = "Preview Assets.xcassets"; sourceTree = "<group>"; };
		8116B83E2869B90B00D94E4D /* Test_2Tests.xctest */ = {isa = PBXFileReference; explicitFileType = wrapper.cfbundle; includeInIndex = 0; path = Test_2Tests.xctest; sourceTree = BUILT_PRODUCTS_DIR; };
		8116B8422869B90B00D94E4D /* Test_2Tests.swift */ = {isa = PBXFileReference; lastKnownFileType = sourcecode.swift; path = Test_2Tests.swift; sourceTree = "<group>"; };
		8116B8482869B90B00D94E4D /* Test_2UITests.xctest */ = {isa = PBXFileReference; explicitFileType = wrapper.cfbundle; includeInIndex = 0; path = Test_2UITests.xctest; sourceTree = BUILT_PRODUCTS_DIR; };
		8116B84C2869B90B00D94E4D /* Test_2UITests.swift */ = {isa = PBXFileReference; lastKnownFileType = sourcecode.swift; path = Test_2UITests.swift; sourceTree = "<group>"; };
		8116B84E2869B90B00D94E4D /* Test_2UITestsLaunchTests.swift */ = {isa = PBXFileReference; lastKnownFileType = sourcecode.swift; path = Test_2UITestsLaunchTests.swift; sourceTree = "<group>"; };
		81A3DAAA2869D44600E7F0CB /* MyWebView.swift */ = {isa = PBXFileReference; lastKnownFileType = sourcecode.swift; path = MyWebView.swift; sourceTree = "<group>"; };
/* End PBXFileReference section */

/* Begin PBXFrameworksBuildPhase section */
		8116B82B2869B90900D94E4D /* Frameworks */ = {
			isa = PBXFrameworksBuildPhase;
			buildActionMask = 2147483647;
			files = (
			);
			runOnlyForDeploymentPostprocessing = 0;
		};
		8116B83B2869B90B00D94E4D /* Frameworks */ = {
			isa = PBXFrameworksBuildPhase;
			buildActionMask = 2147483647;
			files = (
			);
			runOnlyForDeploymentPostprocessing = 0;
		};
		8116B8452869B90B00D94E4D /* Frameworks */ = {
			isa = PBXFrameworksBuildPhase;
			buildActionMask = 2147483647;
			files = (
			);
			runOnlyForDeploymentPostprocessing = 0;
		};
/* End PBXFrameworksBuildPhase section */

/* Begin PBXGroup section */
		8116B8252869B90900D94E4D = {
			isa = PBXGroup;
			children = (
				8116B8302869B90900D94E4D /* Test_2 */,
				8116B8412869B90B00D94E4D /* Test_2Tests */,
				8116B84B2869B90B00D94E4D /* Test_2UITests */,
				8116B82F2869B90900D94E4D /* Products */,
			);
			sourceTree = "<group>";
		};
		8116B82F2869B90900D94E4D /* Products */ = {
			isa = PBXGroup;
			children = (
				8116B82E2869B90900D94E4D /* Test_2.app */,
				8116B83E2869B90B00D94E4D /* Test_2Tests.xctest */,
				8116B8482869B90B00D94E4D /* Test_2UITests.xctest */,
			);
			name = Products;
			sourceTree = "<group>";
		};
		8116B8302869B90900D94E4D /* Test_2 */ = {
			isa = PBXGroup;
			children = (
				8116B8312869B90900D94E4D /* Test_2App.swift */,
				8116B8332869B90900D94E4D /* ContentView.swift */,
				8116B8352869B90A00D94E4D /* Assets.xcassets */,
				8116B8372869B90B00D94E4D /* Preview Content */,
				81A3DAAA2869D44600E7F0CB /* MyWebView.swift */,
			);
			path = Test_2;
			sourceTree = "<group>";
		};
		8116B8372869B90B00D94E4D /* Preview Content */ = {
			isa = PBXGroup;
			children = (
				8116B8382869B90B00D94E4D /* Preview Assets.xcassets */,
			);
			path = "Preview Content";
			sourceTree = "<group>";
		};
		8116B8412869B90B00D94E4D /* Test_2Tests */ = {
			isa = PBXGroup;
			children = (
				8116B8422869B90B00D94E4D /* Test_2Tests.swift */,
			);
			path = Test_2Tests;
			sourceTree = "<group>";
		};
		8116B84B2869B90B00D94E4D /* Test_2UITests */ = {
			isa = PBXGroup;
			children = (
				8116B84C2869B90B00D94E4D /* Test_2UITests.swift */,
				8116B84E2869B90B00D94E4D /* Test_2UITestsLaunchTests.swift */,
			);
			path = Test_2UITests;
			sourceTree = "<group>";
		};
/* End PBXGroup section */

/* Begin PBXNativeTarget section */
		8116B82D2869B90900D94E4D /* Test_2 */ = {
			isa = PBXNativeTarget;
			buildConfigurationList = 8116B8522869B90B00D94E4D /* Build configuration list for PBXNativeTarget "Test_2" */;
			buildPhases = (
				8116B82A2869B90900D94E4D /* Sources */,
				8116B82B2869B90900D94E4D /* Frameworks */,
				8116B82C2869B90900D94E4D /* Resources */,
			);
			buildRules = (
			);
			dependencies = (
			);
			name = Test_2;
			productName = Test_2;
			productReference = 8116B82E2869B90900D94E4D /* Test_2.app */;
			productType = "com.apple.product-type.application";
		};
		8116B83D2869B90B00D94E4D /* Test_2Tests */ = {
			isa = PBXNativeTarget;
			buildConfigurationList = 8116B8552869B90B00D94E4D /* Build configuration list for PBXNativeTarget "Test_2Tests" */;
			buildPhases = (
				8116B83A2869B90B00D94E4D /* Sources */,
				8116B83B2869B90B00D94E4D /* Frameworks */,
				8116B83C2869B90B00D94E4D /* Resources */,
			);
			buildRules = (
			);
			dependencies = (
				8116B8402869B90B00D94E4D /* PBXTargetDependency */,
			);
			name = Test_2Tests;
			productName = Test_2Tests;
			productReference = 8116B83E2869B90B00D94E4D /* Test_2Tests.xctest */;
			productType = "com.apple.product-type.bundle.unit-test";
		};
		8116B8472869B90B00D94E4D /* Test_2UITests */ = {
			isa = PBXNativeTarget;
			buildConfigurationList = 8116B8582869B90B00D94E4D /* Build configuration list for PBXNativeTarget "Test_2UITests" */;
			buildPhases = (
				8116B8442869B90B00D94E4D /* Sources */,
				8116B8452869B90B00D94E4D /* Frameworks */,
				8116B8462869B90B00D94E4D /* Resources */,
			);
			buildRules = (
			);
			dependencies = (
				8116B84A2869B90B00D94E4D /* PBXTargetDependency */,
			);
			name = Test_2UITests;
			productName = Test_2UITests;
			productReference = 8116B8482869B90B00D94E4D /* Test_2UITests.xctest */;
			productType = "com.apple.product-type.bundle.ui-testing";
		};
/* End PBXNativeTarget section */

/* Begin PBXProject section */
		8116B8262869B90900D94E4D /* Project object */ = {
			isa = PBXProject;
			attributes = {
				BuildIndependentTargetsInParallel = 1;
				LastSwiftUpdateCheck = 1330;
				LastUpgradeCheck = 1330;
				TargetAttributes = {
					8116B82D2869B90900D94E4D = {
						CreatedOnToolsVersion = 13.3;
					};
					8116B83D2869B90B00D94E4D = {
						CreatedOnToolsVersion = 13.3;
						TestTargetID = 8116B82D2869B90900D94E4D;
					};
					8116B8472869B90B00D94E4D = {
						CreatedOnToolsVersion = 13.3;
						TestTargetID = 8116B82D2869B90900D94E4D;
					};
				};
			};
			buildConfigurationList = 8116B8292869B90900D94E4D /* Build configuration list for PBXProject "Test_2" */;
			compatibilityVersion = "Xcode 13.0";
			developmentRegion = en;
			hasScannedForEncodings = 0;
			knownRegions = (
				en,
				Base,
			);
			mainGroup = 8116B8252869B90900D94E4D;
			productRefGroup = 8116B82F2869B90900D94E4D /* Products */;
			projectDirPath = "";
			projectRoot = "";
			targets = (
				8116B82D2869B90900D94E4D /* Test_2 */,
				8116B83D2869B90B00D94E4D /* Test_2Tests */,
				8116B8472869B90B00D94E4D /* Test_2UITests */,
			);
		};
/* End PBXProject section */

/* Begin PBXResourcesBuildPhase section */
		8116B82C2869B90900D94E4D /* Resources */ = {
			isa = PBXResourcesBuildPhase;
			buildActionMask = 2147483647;
			files = (
				8116B8392869B90B00D94E4D /* Preview Assets.xcassets in Resources */,
				8116B8362869B90B00D94E4D /* Assets.xcassets in Resources */,
			);
			runOnlyForDeploymentPostprocessing = 0;
		};
		8116B83C2869B90B00D94E4D /* Resources */ = {
			isa = PBXResourcesBuildPhase;
			buildActionMask = 2147483647;
			files = (
			);
			runOnlyForDeploymentPostprocessing = 0;
		};
		8116B8462869B90B00D94E4D /* Resources */ = {
			isa = PBXResourcesBuildPhase;
			buildActionMask = 2147483647;
			files = (
			);
			runOnlyForDeploymentPostprocessing = 0;
		};
/* End PBXResourcesBuildPhase section */

/* Begin PBXSourcesBuildPhase section */
		8116B82A2869B90900D94E4D /* Sources */ = {
			isa = PBXSourcesBuildPhase;
			buildActionMask = 2147483647;
			files = (
				8116B8342869B90900D94E4D /* ContentView.swift in Sources */,
				81A3DAAB2869D44600E7F0CB /* MyWebView.swift in Sources */,
				8116B8322869B90900D94E4D /* Test_2App.swift in Sources */,
			);
			runOnlyForDeploymentPostprocessing = 0;
		};
		8116B83A2869B90B00D94E4D /* Sources */ = {
			isa = PBXSourcesBuildPhase;
			buildActionMask = 2147483647;
			files = (
				8116B8432869B90B00D94E4D /* Test_2Tests.swift in Sources */,
			);
			runOnlyForDeploymentPostprocessing = 0;
		};
		8116B8442869B90B00D94E4D /* Sources */ = {
			isa = PBXSourcesBuildPhase;
			buildActionMask = 2147483647;
			files = (
				8116B84D2869B90B00D94E4D /* Test_2UITests.swift in Sources */,
				8116B84F2869B90B00D94E4D /* Test_2UITestsLaunchTests.swift in Sources */,
			);
			runOnlyForDeploymentPostprocessing = 0;
		};
/* End PBXSourcesBuildPhase section */

/* Begin PBXTargetDependency section */
		8116B8402869B90B00D94E4D /* PBXTargetDependency */ = {
			isa = PBXTargetDependency;
			target = 8116B82D2869B90900D94E4D /* Test_2 */;
			targetProxy = 8116B83F2869B90B00D94E4D /* PBXContainerItemProxy */;
		};
		8116B84A2869B90B00D94E4D /* PBXTargetDependency */ = {
			isa = PBXTargetDependency;
			target = 8116B82D2869B90900D94E4D /* Test_2 */;
			targetProxy = 8116B8492869B90B00D94E4D /* PBXContainerItemProxy */;
		};
/* End PBXTargetDependency section */

/* Begin XCBuildConfiguration section */
		8116B8502869B90B00D94E4D /* Debug */ = {
			isa = XCBuildConfiguration;
			buildSettings = {
				ALWAYS_SEARCH_USER_PATHS = NO;
				CLANG_ANALYZER_NONNULL = YES;
				CLANG_ANALYZER_NUMBER_OBJECT_CONVERSION = YES_AGGRESSIVE;
				CLANG_CXX_LANGUAGE_STANDARD = "gnu++17";
				CLANG_ENABLE_MODULES = YES;
				CLANG_ENABLE_OBJC_ARC = YES;
				CLANG_ENABLE_OBJC_WEAK = YES;
				CLANG_WARN_BLOCK_CAPTURE_AUTORELEASING = YES;
				CLANG_WARN_BOOL_CONVERSION = YES;
				CLANG_WARN_COMMA = YES;
				CLANG_WARN_CONSTANT_CONVERSION = YES;
				CLANG_WARN_DEPRECATED_OBJC_IMPLEMENTATIONS = YES;
				CLANG_WARN_DIRECT_OBJC_ISA_USAGE = YES_ERROR;
				CLANG_WARN_DOCUMENTATION_COMMENTS = YES;
				CLANG_WARN_EMPTY_BODY = YES;
				CLANG_WARN_ENUM_CONVERSION = YES;
				CLANG_WARN_INFINITE_RECURSION = YES;
				CLANG_WARN_INT_CONVERSION = YES;
				CLANG_WARN_NON_LITERAL_NULL_CONVERSION = YES;
				CLANG_WARN_OBJC_IMPLICIT_RETAIN_SELF = YES;
				CLANG_WARN_OBJC_LITERAL_CONVERSION = YES;
				CLANG_WARN_OBJC_ROOT_CLASS = YES_ERROR;
				CLANG_WARN_QUOTED_INCLUDE_IN_FRAMEWORK_HEADER = YES;
				CLANG_WARN_RANGE_LOOP_ANALYSIS = YES;
				CLANG_WARN_STRICT_PROTOTYPES = YES;
				CLANG_WARN_SUSPICIOUS_MOVE = YES;
				CLANG_WARN_UNGUARDED_AVAILABILITY = YES_AGGRESSIVE;
				CLANG_WARN_UNREACHABLE_CODE = YES;
				CLANG_WARN__DUPLICATE_METHOD_MATCH = YES;
				COPY_PHASE_STRIP = NO;
				DEBUG_INFORMATION_FORMAT = dwarf;
				ENABLE_STRICT_OBJC_MSGSEND = YES;
				ENABLE_TESTABILITY = YES;
				GCC_C_LANGUAGE_STANDARD = gnu11;
				GCC_DYNAMIC_NO_PIC = NO;
				GCC_NO_COMMON_BLOCKS = YES;
				GCC_OPTIMIZATION_LEVEL = 0;
				GCC_PREPROCESSOR_DEFINITIONS = (
					"DEBUG=1",
					"$(inherited)",
				);
				GCC_WARN_64_TO_32_BIT_CONVERSION = YES;
				GCC_WARN_ABOUT_RETURN_TYPE = YES_ERROR;
				GCC_WARN_UNDECLARED_SELECTOR = YES;
				GCC_WARN_UNINITIALIZED_AUTOS = YES_AGGRESSIVE;
				GCC_WARN_UNUSED_FUNCTION = YES;
				GCC_WARN_UNUSED_VARIABLE = YES;
				IPHONEOS_DEPLOYMENT_TARGET = 15.4;
				MTL_ENABLE_DEBUG_INFO = INCLUDE_SOURCE;
				MTL_FAST_MATH = YES;
				ONLY_ACTIVE_ARCH = YES;
				SDKROOT = iphoneos;
				SWIFT_ACTIVE_COMPILATION_CONDITIONS = DEBUG;
				SWIFT_OPTIMIZATION_LEVEL = "-Onone";
			};
			name = Debug;
		};
		8116B8512869B90B00D94E4D /* Release */ = {
			isa = XCBuildConfiguration;
			buildSettings = {
				ALWAYS_SEARCH_USER_PATHS = NO;
				CLANG_ANALYZER_NONNULL = YES;
				CLANG_ANALYZER_NUMBER_OBJECT_CONVERSION = YES_AGGRESSIVE;
				CLANG_CXX_LANGUAGE_STANDARD = "gnu++17";
				CLANG_ENABLE_MODULES = YES;
				CLANG_ENABLE_OBJC_ARC = YES;
				CLANG_ENABLE_OBJC_WEAK = YES;
				CLANG_WARN_BLOCK_CAPTURE_AUTORELEASING = YES;
				CLANG_WARN_BOOL_CONVERSION = YES;
				CLANG_WARN_COMMA = YES;
				CLANG_WARN_CONSTANT_CONVERSION = YES;
				CLANG_WARN_DEPRECATED_OBJC_IMPLEMENTATIONS = YES;
				CLANG_WARN_DIRECT_OBJC_ISA_USAGE = YES_ERROR;
				CLANG_WARN_DOCUMENTATION_COMMENTS = YES;
				CLANG_WARN_EMPTY_BODY = YES;
				CLANG_WARN_ENUM_CONVERSION = YES;
				CLANG_WARN_INFINITE_RECURSION = YES;
				CLANG_WARN_INT_CONVERSION = YES;
				CLANG_WARN_NON_LITERAL_NULL_CONVERSION = YES;
				CLANG_WARN_OBJC_IMPLICIT_RETAIN_SELF = YES;
				CLANG_WARN_OBJC_LITERAL_CONVERSION = YES;
				CLANG_WARN_OBJC_ROOT_CLASS = YES_ERROR;
				CLANG_WARN_QUOTED_INCLUDE_IN_FRAMEWORK_HEADER = YES;
				CLANG_WARN_RANGE_LOOP_ANALYSIS = YES;
				CLANG_WARN_STRICT_PROTOTYPES = YES;
				CLANG_WARN_SUSPICIOUS_MOVE = YES;
				CLANG_WARN_UNGUARDED_AVAILABILITY = YES_AGGRESSIVE;
				CLANG_WARN_UNREACHABLE_CODE = YES;
				CLANG_WARN__DUPLICATE_METHOD_MATCH = YES;
				COPY_PHASE_STRIP = NO;
				DEBUG_INFORMATION_FORMAT = "dwarf-with-dsym";
				ENABLE_NS_ASSERTIONS = NO;
				ENABLE_STRICT_OBJC_MSGSEND = YES;
				GCC_C_LANGUAGE_STANDARD = gnu11;
				GCC_NO_COMMON_BLOCKS = YES;
				GCC_WARN_64_TO_32_BIT_CONVERSION = YES;
				GCC_WARN_ABOUT_RETURN_TYPE = YES_ERROR;
				GCC_WARN_UNDECLARED_SELECTOR = YES;
				GCC_WARN_UNINITIALIZED_AUTOS = YES_AGGRESSIVE;
				GCC_WARN_UNUSED_FUNCTION = YES;
				GCC_WARN_UNUSED_VARIABLE = YES;
				IPHONEOS_DEPLOYMENT_TARGET = 15.4;
				MTL_ENABLE_DEBUG_INFO = NO;
				MTL_FAST_MATH = YES;
				SDKROOT = iphoneos;
				SWIFT_COMPILATION_MODE = wholemodule;
				SWIFT_OPTIMIZATION_LEVEL = "-O";
				VALIDATE_PRODUCT = YES;
			};
			name = Release;
		};
		8116B8532869B90B00D94E4D /* Debug */ = {
			isa = XCBuildConfiguration;
			buildSettings = {
				ASSETCATALOG_COMPILER_APPICON_NAME = AppIcon;
				ASSETCATALOG_COMPILER_GLOBAL_ACCENT_COLOR_NAME = AccentColor;
				CODE_SIGN_STYLE = Automatic;
				CURRENT_PROJECT_VERSION = 1;
				DEVELOPMENT_ASSET_PATHS = "\"Test_2/Preview Content\"";
				DEVELOPMENT_TEAM = N676ZFA7W8;
				ENABLE_PREVIEWS = YES;
				GENERATE_INFOPLIST_FILE = YES;
				INFOPLIST_KEY_UIApplicationSceneManifest_Generation = YES;
				INFOPLIST_KEY_UIApplicationSupportsIndirectInputEvents = YES;
				INFOPLIST_KEY_UILaunchScreen_Generation = YES;
				INFOPLIST_KEY_UISupportedInterfaceOrientations_iPad = "UIInterfaceOrientationPortrait UIInterfaceOrientationPortraitUpsideDown UIInterfaceOrientationLandscapeLeft UIInterfaceOrientationLandscapeRight";
				INFOPLIST_KEY_UISupportedInterfaceOrientations_iPhone = "UIInterfaceOrientationPortrait UIInterfaceOrientationLandscapeLeft UIInterfaceOrientationLandscapeRight";
				LD_RUNPATH_SEARCH_PATHS = (
					"$(inherited)",
					"@executable_path/Frameworks",
				);
				MARKETING_VERSION = 1.0;
				PRODUCT_BUNDLE_IDENTIFIER = "com.Quarang.Test-2";
				PRODUCT_NAME = "$(TARGET_NAME)";
				SWIFT_EMIT_LOC_STRINGS = YES;
				SWIFT_VERSION = 5.0;
				TARGETED_DEVICE_FAMILY = "1,2";
			};
			name = Debug;
		};
		8116B8542869B90B00D94E4D /* Release */ = {
			isa = XCBuildConfiguration;
			buildSettings = {
				ASSETCATALOG_COMPILER_APPICON_NAME = AppIcon;
				ASSETCATALOG_COMPILER_GLOBAL_ACCENT_COLOR_NAME = AccentColor;
				CODE_SIGN_STYLE = Automatic;
				CURRENT_PROJECT_VERSION = 1;
				DEVELOPMENT_ASSET_PATHS = "\"Test_2/Preview Content\"";
				DEVELOPMENT_TEAM = N676ZFA7W8;
				ENABLE_PREVIEWS = YES;
				GENERATE_INFOPLIST_FILE = YES;
				INFOPLIST_KEY_UIApplicationSceneManifest_Generation = YES;
				INFOPLIST_KEY_UIApplicationSupportsIndirectInputEvents = YES;
				INFOPLIST_KEY_UILaunchScreen_Generation = YES;
				INFOPLIST_KEY_UISupportedInterfaceOrientations_iPad = "UIInterfaceOrientationPortrait UIInterfaceOrientationPortraitUpsideDown UIInterfaceOrientationLandscapeLeft UIInterfaceOrientationLandscapeRight";
				INFOPLIST_KEY_UISupportedInterfaceOrientations_iPhone = "UIInterfaceOrientationPortrait UIInterfaceOrientationLandscapeLeft UIInterfaceOrientationLandscapeRight";
				LD_RUNPATH_SEARCH_PATHS = (
					"$(inherited)",
					"@executable_path/Frameworks",
				);
				MARKETING_VERSION = 1.0;
				PRODUCT_BUNDLE_IDENTIFIER = "com.Quarang.Test-2";
				PRODUCT_NAME = "$(TARGET_NAME)";
				SWIFT_EMIT_LOC_STRINGS = YES;
				SWIFT_VERSION = 5.0;
				TARGETED_DEVICE_FAMILY = "1,2";
			};
			name = Release;
		};
		8116B8562869B90B00D94E4D /* Debug */ = {
			isa = XCBuildConfiguration;
			buildSettings = {
				ALWAYS_EMBED_SWIFT_STANDARD_LIBRARIES = YES;
				BUNDLE_LOADER = "$(TEST_HOST)";
				CODE_SIGN_STYLE = Automatic;
				CURRENT_PROJECT_VERSION = 1;
				DEVELOPMENT_TEAM = N676ZFA7W8;
				GENERATE_INFOPLIST_FILE = YES;
				IPHONEOS_DEPLOYMENT_TARGET = 15.4;
				MARKETING_VERSION = 1.0;
				PRODUCT_BUNDLE_IDENTIFIER = "com.Quarang.Test-2Tests";
				PRODUCT_NAME = "$(TARGET_NAME)";
				SWIFT_EMIT_LOC_STRINGS = NO;
				SWIFT_VERSION = 5.0;
				TARGETED_DEVICE_FAMILY = "1,2";
				TEST_HOST = "$(BUILT_PRODUCTS_DIR)/Test_2.app/Test_2";
			};
			name = Debug;
		};
		8116B8572869B90B00D94E4D /* Release */ = {
			isa = XCBuildConfiguration;
			buildSettings = {
				ALWAYS_EMBED_SWIFT_STANDARD_LIBRARIES = YES;
				BUNDLE_LOADER = "$(TEST_HOST)";
				CODE_SIGN_STYLE = Automatic;
				CURRENT_PROJECT_VERSION = 1;
				DEVELOPMENT_TEAM = N676ZFA7W8;
				GENERATE_INFOPLIST_FILE = YES;
				IPHONEOS_DEPLOYMENT_TARGET = 15.4;
				MARKETING_VERSION = 1.0;
				PRODUCT_BUNDLE_IDENTIFIER = "com.Quarang.Test-2Tests";
				PRODUCT_NAME = "$(TARGET_NAME)";
				SWIFT_EMIT_LOC_STRINGS = NO;
				SWIFT_VERSION = 5.0;
				TARGETED_DEVICE_FAMILY = "1,2";
				TEST_HOST = "$(BUILT_PRODUCTS_DIR)/Test_2.app/Test_2";
			};
			name = Release;
		};
		8116B8592869B90B00D94E4D /* Debug */ = {
			isa = XCBuildConfiguration;
			buildSettings = {
				ALWAYS_EMBED_SWIFT_STANDARD_LIBRARIES = YES;
				CODE_SIGN_STYLE = Automatic;
				CURRENT_PROJECT_VERSION = 1;
				DEVELOPMENT_TEAM = N676ZFA7W8;
				GENERATE_INFOPLIST_FILE = YES;
				MARKETING_VERSION = 1.0;
				PRODUCT_BUNDLE_IDENTIFIER = "com.Quarang.Test-2UITests";
				PRODUCT_NAME = "$(TARGET_NAME)";
				SWIFT_EMIT_LOC_STRINGS = NO;
				SWIFT_VERSION = 5.0;
				TARGETED_DEVICE_FAMILY = "1,2";
				TEST_TARGET_NAME = Test_2;
			};
			name = Debug;
		};
		8116B85A2869B90B00D94E4D /* Release */ = {
			isa = XCBuildConfiguration;
			buildSettings = {
				ALWAYS_EMBED_SWIFT_STANDARD_LIBRARIES = YES;
				CODE_SIGN_STYLE = Automatic;
				CURRENT_PROJECT_VERSION = 1;
				DEVELOPMENT_TEAM = N676ZFA7W8;
				GENERATE_INFOPLIST_FILE = YES;
				MARKETING_VERSION = 1.0;
				PRODUCT_BUNDLE_IDENTIFIER = "com.Quarang.Test-2UITests";
				PRODUCT_NAME = "$(TARGET_NAME)";
				SWIFT_EMIT_LOC_STRINGS = NO;
				SWIFT_VERSION = 5.0;
				TARGETED_DEVICE_FAMILY = "1,2";
				TEST_TARGET_NAME = Test_2;
			};
			name = Release;
		};
/* End XCBuildConfiguration section */

/* Begin XCConfigurationList section */
		8116B8292869B90900D94E4D /* Build configuration list for PBXProject "Test_2" */ = {
			isa = XCConfigurationList;
			buildConfigurations = (
				8116B8502869B90B00D94E4D /* Debug */,
				8116B8512869B90B00D94E4D /* Release */,
			);
			defaultConfigurationIsVisible = 0;
			defaultConfigurationName = Release;
		};
		8116B8522869B90B00D94E4D /* Build configuration list for PBXNativeTarget "Test_2" */ = {
			isa = XCConfigurationList;
			buildConfigurations = (
				8116B8532869B90B00D94E4D /* Debug */,
				8116B8542869B90B00D94E4D /* Release */,
			);
			defaultConfigurationIsVisible = 0;
			defaultConfigurationName = Release;
		};
		8116B8552869B90B00D94E4D /* Build configuration list for PBXNativeTarget "Test_2Tests" */ = {
			isa = XCConfigurationList;
			buildConfigurations = (
				8116B8562869B90B00D94E4D /* Debug */,
				8116B8572869B90B00D94E4D /* Release */,
			);
			defaultConfigurationIsVisible = 0;
			defaultConfigurationName = Release;
		};
		8116B8582869B90B00D94E4D /* Build configuration list for PBXNativeTarget "Test_2UITests" */ = {
			isa = XCConfigurationList;
			buildConfigurations = (
				8116B8592869B90B00D94E4D /* Debug */,
				8116B85A2869B90B00D94E4D /* Release */,
			);
			defaultConfigurationIsVisible = 0;
			defaultConfigurationName = Release;
		};
/* End XCConfigurationList section */
	};
	rootObject = 8116B8262869B90900D94E4D /* Project object */;
}
