// !$*UTF8*$!
{
	archiveVersion = 1;
	classes = {
	};
	objectVersion = 55;
	objects = {

/* Begin PBXBuildFile section */
		811E21FE287EA44300EF0C06 /* TestTests.swift in Sources */ = {isa = PBXBuildFile; fileRef = 818C2E3328695C5400245C08 /* TestTests.swift */; };
		811E2200287EA4F100EF0C06 /* ContetnView.swift in Sources */ = {isa = PBXBuildFile; fileRef = 811E21FF287EA4F100EF0C06 /* ContetnView.swift */; };
		818C2E2328695C5200245C08 /* TestApp.swift in Sources */ = {isa = PBXBuildFile; fileRef = 818C2E2228695C5200245C08 /* TestApp.swift */; };
		818C2E2728695C5400245C08 /* Assets.xcassets in Resources */ = {isa = PBXBuildFile; fileRef = 818C2E2628695C5400245C08 /* Assets.xcassets */; };
		818C2E2A28695C5400245C08 /* Preview Assets.xcassets in Resources */ = {isa = PBXBuildFile; fileRef = 818C2E2928695C5400245C08 /* Preview Assets.xcassets */; };
		818C2E3E28695C5400245C08 /* TestUITests.swift in Sources */ = {isa = PBXBuildFile; fileRef = 818C2E3D28695C5400245C08 /* TestUITests.swift */; };
		818C2E4028695C5400245C08 /* TestUITestsLaunchTests.swift in Sources */ = {isa = PBXBuildFile; fileRef = 818C2E3F28695C5400245C08 /* TestUITestsLaunchTests.swift */; };
		818C2E4D286963DE00245C08 /* HStackView.swift in Sources */ = {isa = PBXBuildFile; fileRef = 818C2E4C286963DE00245C08 /* HStackView.swift */; };
		818C2E512869744500245C08 /* TextVlew.swift in Sources */ = {isa = PBXBuildFile; fileRef = 818C2E502869744500245C08 /* TextVlew.swift */; };
/* End PBXBuildFile section */

/* Begin PBXContainerItemProxy section */
		818C2E3028695C5400245C08 /* PBXContainerItemProxy */ = {
			isa = PBXContainerItemProxy;
			containerPortal = 818C2E1728695C5200245C08 /* Project object */;
			proxyType = 1;
			remoteGlobalIDString = 818C2E1E28695C5200245C08;
			remoteInfo = Test;
		};
		818C2E3A28695C5400245C08 /* PBXContainerItemProxy */ = {
			isa = PBXContainerItemProxy;
			containerPortal = 818C2E1728695C5200245C08 /* Project object */;
			proxyType = 1;
			remoteGlobalIDString = 818C2E1E28695C5200245C08;
			remoteInfo = Test;
		};
/* End PBXContainerItemProxy section */

/* Begin PBXFileReference section */
		811E21FF287EA4F100EF0C06 /* ContetnView.swift */ = {isa = PBXFileReference; lastKnownFileType = sourcecode.swift; path = ContetnView.swift; sourceTree = "<group>"; };
		818C2E1F28695C5200245C08 /* Test_1.app */ = {isa = PBXFileReference; explicitFileType = wrapper.application; includeInIndex = 0; path = Test_1.app; sourceTree = BUILT_PRODUCTS_DIR; };
		818C2E2228695C5200245C08 /* TestApp.swift */ = {isa = PBXFileReference; lastKnownFileType = sourcecode.swift; path = TestApp.swift; sourceTree = "<group>"; };
		818C2E2628695C5400245C08 /* Assets.xcassets */ = {isa = PBXFileReference; lastKnownFileType = folder.assetcatalog; path = Assets.xcassets; sourceTree = "<group>"; };
		818C2E2928695C5400245C08 /* Preview Assets.xcassets */ = {isa = PBXFileReference; lastKnownFileType = folder.assetcatalog; path = "Preview Assets.xcassets"; sourceTree = "<group>"; };
		818C2E2F28695C5400245C08 /* Test_1Test_1s.xctest */ = {isa = PBXFileReference; explicitFileType = wrapper.cfbundle; includeInIndex = 0; path = Test_1Test_1s.xctest; sourceTree = BUILT_PRODUCTS_DIR; };
		818C2E3328695C5400245C08 /* TestTests.swift */ = {isa = PBXFileReference; lastKnownFileType = sourcecode.swift; path = TestTests.swift; sourceTree = "<group>"; };
		818C2E3928695C5400245C08 /* Test_1UITest_1s.xctest */ = {isa = PBXFileReference; explicitFileType = wrapper.cfbundle; includeInIndex = 0; path = Test_1UITest_1s.xctest; sourceTree = BUILT_PRODUCTS_DIR; };
		818C2E3D28695C5400245C08 /* TestUITests.swift */ = {isa = PBXFileReference; lastKnownFileType = sourcecode.swift; path = TestUITests.swift; sourceTree = "<group>"; };
		818C2E3F28695C5400245C08 /* TestUITestsLaunchTests.swift */ = {isa = PBXFileReference; lastKnownFileType = sourcecode.swift; path = TestUITestsLaunchTests.swift; sourceTree = "<group>"; };
		818C2E4C286963DE00245C08 /* HStackView.swift */ = {isa = PBXFileReference; lastKnownFileType = sourcecode.swift; path = HStackView.swift; sourceTree = "<group>"; };
		818C2E502869744500245C08 /* TextVlew.swift */ = {isa = PBXFileReference; lastKnownFileType = sourcecode.swift; path = TextVlew.swift; sourceTree = "<group>"; };
/* End PBXFileReference section */

/* Begin PBXFrameworksBuildPhase section */
		818C2E1C28695C5200245C08 /* Frameworks */ = {
			isa = PBXFrameworksBuildPhase;
			buildActionMask = 2147483647;
			files = (
			);
			runOnlyForDeploymentPostprocessing = 0;
		};
		818C2E2C28695C5400245C08 /* Frameworks */ = {
			isa = PBXFrameworksBuildPhase;
			buildActionMask = 2147483647;
			files = (
			);
			runOnlyForDeploymentPostprocessing = 0;
		};
		818C2E3628695C5400245C08 /* Frameworks */ = {
			isa = PBXFrameworksBuildPhase;
			buildActionMask = 2147483647;
			files = (
			);
			runOnlyForDeploymentPostprocessing = 0;
		};
/* End PBXFrameworksBuildPhase section */

/* Begin PBXGroup section */
		818C2E1628695C5200245C08 = {
			isa = PBXGroup;
			children = (
				818C2E2128695C5200245C08 /* Test_1 */,
				818C2E3228695C5400245C08 /* Test_1Tests */,
				818C2E3C28695C5400245C08 /* Test_1UITests */,
				818C2E2028695C5200245C08 /* Products */,
			);
			sourceTree = "<group>";
		};
		818C2E2028695C5200245C08 /* Products */ = {
			isa = PBXGroup;
			children = (
				818C2E1F28695C5200245C08 /* Test_1.app */,
				818C2E2F28695C5400245C08 /* Test_1Test_1s.xctest */,
				818C2E3928695C5400245C08 /* Test_1UITest_1s.xctest */,
			);
			name = Products;
			sourceTree = "<group>";
		};
		818C2E2128695C5200245C08 /* Test_1 */ = {
			isa = PBXGroup;
			children = (
				818C2E2228695C5200245C08 /* TestApp.swift */,
				818C2E2628695C5400245C08 /* Assets.xcassets */,
				818C2E2828695C5400245C08 /* Preview Content */,
				818C2E4C286963DE00245C08 /* HStackView.swift */,
				818C2E502869744500245C08 /* TextVlew.swift */,
				811E21FF287EA4F100EF0C06 /* ContetnView.swift */,
			);
			path = Test_1;
			sourceTree = "<group>";
		};
		818C2E2828695C5400245C08 /* Preview Content */ = {
			isa = PBXGroup;
			children = (
				818C2E2928695C5400245C08 /* Preview Assets.xcassets */,
			);
			path = "Preview Content";
			sourceTree = "<group>";
		};
		818C2E3228695C5400245C08 /* Test_1Tests */ = {
			isa = PBXGroup;
			children = (
				818C2E3328695C5400245C08 /* TestTests.swift */,
			);
			path = Test_1Tests;
			sourceTree = "<group>";
		};
		818C2E3C28695C5400245C08 /* Test_1UITests */ = {
			isa = PBXGroup;
			children = (
				818C2E3D28695C5400245C08 /* TestUITests.swift */,
				818C2E3F28695C5400245C08 /* TestUITestsLaunchTests.swift */,
			);
			path = Test_1UITests;
			sourceTree = "<group>";
		};
/* End PBXGroup section */

/* Begin PBXNativeTarget section */
		818C2E1E28695C5200245C08 /* Test_1 */ = {
			isa = PBXNativeTarget;
			buildConfigurationList = 818C2E4328695C5400245C08 /* Build configuration list for PBXNativeTarget "Test_1" */;
			buildPhases = (
				818C2E1B28695C5200245C08 /* Sources */,
				818C2E1C28695C5200245C08 /* Frameworks */,
				818C2E1D28695C5200245C08 /* Resources */,
			);
			buildRules = (
			);
			dependencies = (
			);
			name = Test_1;
			productName = Test;
			productReference = 818C2E1F28695C5200245C08 /* Test_1.app */;
			productType = "com.apple.product-type.application";
		};
		818C2E2E28695C5400245C08 /* Test_1Test_1s */ = {
			isa = PBXNativeTarget;
			buildConfigurationList = 818C2E4628695C5400245C08 /* Build configuration list for PBXNativeTarget "Test_1Test_1s" */;
			buildPhases = (
				818C2E2B28695C5400245C08 /* Sources */,
				818C2E2C28695C5400245C08 /* Frameworks */,
				818C2E2D28695C5400245C08 /* Resources */,
			);
			buildRules = (
			);
			dependencies = (
				818C2E3128695C5400245C08 /* PBXTargetDependency */,
			);
			name = Test_1Test_1s;
			productName = TestTests;
			productReference = 818C2E2F28695C5400245C08 /* Test_1Test_1s.xctest */;
			productType = "com.apple.product-type.bundle.unit-test";
		};
		818C2E3828695C5400245C08 /* Test_1UITest_1s */ = {
			isa = PBXNativeTarget;
			buildConfigurationList = 818C2E4928695C5400245C08 /* Build configuration list for PBXNativeTarget "Test_1UITest_1s" */;
			buildPhases = (
				818C2E3528695C5400245C08 /* Sources */,
				818C2E3628695C5400245C08 /* Frameworks */,
				818C2E3728695C5400245C08 /* Resources */,
			);
			buildRules = (
			);
			dependencies = (
				818C2E3B28695C5400245C08 /* PBXTargetDependency */,
			);
			name = Test_1UITest_1s;
			productName = TestUITests;
			productReference = 818C2E3928695C5400245C08 /* Test_1UITest_1s.xctest */;
			productType = "com.apple.product-type.bundle.ui-testing";
		};
/* End PBXNativeTarget section */

/* Begin PBXProject section */
		818C2E1728695C5200245C08 /* Project object */ = {
			isa = PBXProject;
			attributes = {
				BuildIndependentTargetsInParallel = 1;
				LastSwiftUpdateCheck = 1330;
				LastUpgradeCheck = 1330;
				TargetAttributes = {
					818C2E1E28695C5200245C08 = {
						CreatedOnToolsVersion = 13.3;
					};
					818C2E2E28695C5400245C08 = {
						CreatedOnToolsVersion = 13.3;
						TestTargetID = 818C2E1E28695C5200245C08;
					};
					818C2E3828695C5400245C08 = {
						CreatedOnToolsVersion = 13.3;
						TestTargetID = 818C2E1E28695C5200245C08;
					};
				};
			};
			buildConfigurationList = 818C2E1A28695C5200245C08 /* Build configuration list for PBXProject "Test_1" */;
			compatibilityVersion = "Xcode 13.0";
			developmentRegion = en;
			hasScannedForEncodings = 0;
			knownRegions = (
				en,
				Base,
			);
			mainGroup = 818C2E1628695C5200245C08;
			productRefGroup = 818C2E2028695C5200245C08 /* Products */;
			projectDirPath = "";
			projectRoot = "";
			targets = (
				818C2E1E28695C5200245C08 /* Test_1 */,
				818C2E2E28695C5400245C08 /* Test_1Test_1s */,
				818C2E3828695C5400245C08 /* Test_1UITest_1s */,
			);
		};
/* End PBXProject section */

/* Begin PBXResourcesBuildPhase section */
		818C2E1D28695C5200245C08 /* Resources */ = {
			isa = PBXResourcesBuildPhase;
			buildActionMask = 2147483647;
			files = (
				818C2E2A28695C5400245C08 /* Preview Assets.xcassets in Resources */,
				818C2E2728695C5400245C08 /* Assets.xcassets in Resources */,
			);
			runOnlyForDeploymentPostprocessing = 0;
		};
		818C2E2D28695C5400245C08 /* Resources */ = {
			isa = PBXResourcesBuildPhase;
			buildActionMask = 2147483647;
			files = (
			);
			runOnlyForDeploymentPostprocessing = 0;
		};
		818C2E3728695C5400245C08 /* Resources */ = {
			isa = PBXResourcesBuildPhase;
			buildActionMask = 2147483647;
			files = (
			);
			runOnlyForDeploymentPostprocessing = 0;
		};
/* End PBXResourcesBuildPhase section */

/* Begin PBXSourcesBuildPhase section */
		818C2E1B28695C5200245C08 /* Sources */ = {
			isa = PBXSourcesBuildPhase;
			buildActionMask = 2147483647;
			files = (
				811E21FE287EA44300EF0C06 /* TestTests.swift in Sources */,
				818C2E512869744500245C08 /* TextVlew.swift in Sources */,
				818C2E4D286963DE00245C08 /* HStackView.swift in Sources */,
				818C2E2328695C5200245C08 /* TestApp.swift in Sources */,
				811E2200287EA4F100EF0C06 /* ContetnView.swift in Sources */,
			);
			runOnlyForDeploymentPostprocessing = 0;
		};
		818C2E2B28695C5400245C08 /* Sources */ = {
			isa = PBXSourcesBuildPhase;
			buildActionMask = 2147483647;
			files = (
			);
			runOnlyForDeploymentPostprocessing = 0;
		};
		818C2E3528695C5400245C08 /* Sources */ = {
			isa = PBXSourcesBuildPhase;
			buildActionMask = 2147483647;
			files = (
				818C2E4028695C5400245C08 /* TestUITestsLaunchTests.swift in Sources */,
				818C2E3E28695C5400245C08 /* TestUITests.swift in Sources */,
			);
			runOnlyForDeploymentPostprocessing = 0;
		};
/* End PBXSourcesBuildPhase section */

/* Begin PBXTargetDependency section */
		818C2E3128695C5400245C08 /* PBXTargetDependency */ = {
			isa = PBXTargetDependency;
			target = 818C2E1E28695C5200245C08 /* Test_1 */;
			targetProxy = 818C2E3028695C5400245C08 /* PBXContainerItemProxy */;
		};
		818C2E3B28695C5400245C08 /* PBXTargetDependency */ = {
			isa = PBXTargetDependency;
			target = 818C2E1E28695C5200245C08 /* Test_1 */;
			targetProxy = 818C2E3A28695C5400245C08 /* PBXContainerItemProxy */;
		};
/* End PBXTargetDependency section */

/* Begin XCBuildConfiguration section */
		818C2E4128695C5400245C08 /* Debug */ = {
			isa = XCBuildConfiguration;
			buildSettings = {
				ALWAYS_SEARCH_USER_PATHS = NO;
				CLANG_ANALYZER_NONNULL = YES;
				CLANG_ANALYZER_NUMBER_OBJECT_CONVERSION = YES_AGGRESSIVE;
				CLANG_CXX_LANGUAGE_STANDARD = "gnu++17";
				CLANG_ENABLE_MODULES = YES;
				CLANG_ENABLE_OBJC_ARC = YES;
				CLANG_ENABLE_OBJC_WEAK = YES;
				CLANG_WARN_BLOCK_CAPTURE_AUTORELEASING = YES;
				CLANG_WARN_BOOL_CONVERSION = YES;
				CLANG_WARN_COMMA = YES;
				CLANG_WARN_CONSTANT_CONVERSION = YES;
				CLANG_WARN_DEPRECATED_OBJC_IMPLEMENTATIONS = YES;
				CLANG_WARN_DIRECT_OBJC_ISA_USAGE = YES_ERROR;
				CLANG_WARN_DOCUMENTATION_COMMENTS = YES;
				CLANG_WARN_EMPTY_BODY = YES;
				CLANG_WARN_ENUM_CONVERSION = YES;
				CLANG_WARN_INFINITE_RECURSION = YES;
				CLANG_WARN_INT_CONVERSION = YES;
				CLANG_WARN_NON_LITERAL_NULL_CONVERSION = YES;
				CLANG_WARN_OBJC_IMPLICIT_RETAIN_SELF = YES;
				CLANG_WARN_OBJC_LITERAL_CONVERSION = YES;
				CLANG_WARN_OBJC_ROOT_CLASS = YES_ERROR;
				CLANG_WARN_QUOTED_INCLUDE_IN_FRAMEWORK_HEADER = YES;
				CLANG_WARN_RANGE_LOOP_ANALYSIS = YES;
				CLANG_WARN_STRICT_PROTOTYPES = YES;
				CLANG_WARN_SUSPICIOUS_MOVE = YES;
				CLANG_WARN_UNGUARDED_AVAILABILITY = YES_AGGRESSIVE;
				CLANG_WARN_UNREACHABLE_CODE = YES;
				CLANG_WARN__DUPLICATE_METHOD_MATCH = YES;
				COPY_PHASE_STRIP = NO;
				DEBUG_INFORMATION_FORMAT = dwarf;
				ENABLE_STRICT_OBJC_MSGSEND = YES;
				ENABLE_TESTABILITY = YES;
				GCC_C_LANGUAGE_STANDARD = gnu11;
				GCC_DYNAMIC_NO_PIC = NO;
				GCC_NO_COMMON_BLOCKS = YES;
				GCC_OPTIMIZATION_LEVEL = 0;
				GCC_PREPROCESSOR_DEFINITIONS = (
					"DEBUG=1",
					"$(inherited)",
				);
				GCC_WARN_64_TO_32_BIT_CONVERSION = YES;
				GCC_WARN_ABOUT_RETURN_TYPE = YES_ERROR;
				GCC_WARN_UNDECLARED_SELECTOR = YES;
				GCC_WARN_UNINITIALIZED_AUTOS = YES_AGGRESSIVE;
				GCC_WARN_UNUSED_FUNCTION = YES;
				GCC_WARN_UNUSED_VARIABLE = YES;
				IPHONEOS_DEPLOYMENT_TARGET = 15.4;
				MTL_ENABLE_DEBUG_INFO = INCLUDE_SOURCE;
				MTL_FAST_MATH = YES;
				ONLY_ACTIVE_ARCH = YES;
				SDKROOT = iphoneos;
				SWIFT_ACTIVE_COMPILATION_CONDITIONS = DEBUG;
				SWIFT_OPTIMIZATION_LEVEL = "-Onone";
			};
			name = Debug;
		};
		818C2E4228695C5400245C08 /* Release */ = {
			isa = XCBuildConfiguration;
			buildSettings = {
				ALWAYS_SEARCH_USER_PATHS = NO;
				CLANG_ANALYZER_NONNULL = YES;
				CLANG_ANALYZER_NUMBER_OBJECT_CONVERSION = YES_AGGRESSIVE;
				CLANG_CXX_LANGUAGE_STANDARD = "gnu++17";
				CLANG_ENABLE_MODULES = YES;
				CLANG_ENABLE_OBJC_ARC = YES;
				CLANG_ENABLE_OBJC_WEAK = YES;
				CLANG_WARN_BLOCK_CAPTURE_AUTORELEASING = YES;
				CLANG_WARN_BOOL_CONVERSION = YES;
				CLANG_WARN_COMMA = YES;
				CLANG_WARN_CONSTANT_CONVERSION = YES;
				CLANG_WARN_DEPRECATED_OBJC_IMPLEMENTATIONS = YES;
				CLANG_WARN_DIRECT_OBJC_ISA_USAGE = YES_ERROR;
				CLANG_WARN_DOCUMENTATION_COMMENTS = YES;
				CLANG_WARN_EMPTY_BODY = YES;
				CLANG_WARN_ENUM_CONVERSION = YES;
				CLANG_WARN_INFINITE_RECURSION = YES;
				CLANG_WARN_INT_CONVERSION = YES;
				CLANG_WARN_NON_LITERAL_NULL_CONVERSION = YES;
				CLANG_WARN_OBJC_IMPLICIT_RETAIN_SELF = YES;
				CLANG_WARN_OBJC_LITERAL_CONVERSION = YES;
				CLANG_WARN_OBJC_ROOT_CLASS = YES_ERROR;
				CLANG_WARN_QUOTED_INCLUDE_IN_FRAMEWORK_HEADER = YES;
				CLANG_WARN_RANGE_LOOP_ANALYSIS = YES;
				CLANG_WARN_STRICT_PROTOTYPES = YES;
				CLANG_WARN_SUSPICIOUS_MOVE = YES;
				CLANG_WARN_UNGUARDED_AVAILABILITY = YES_AGGRESSIVE;
				CLANG_WARN_UNREACHABLE_CODE = YES;
				CLANG_WARN__DUPLICATE_METHOD_MATCH = YES;
				COPY_PHASE_STRIP = NO;
				DEBUG_INFORMATION_FORMAT = "dwarf-with-dsym";
				ENABLE_NS_ASSERTIONS = NO;
				ENABLE_STRICT_OBJC_MSGSEND = YES;
				GCC_C_LANGUAGE_STANDARD = gnu11;
				GCC_NO_COMMON_BLOCKS = YES;
				GCC_WARN_64_TO_32_BIT_CONVERSION = YES;
				GCC_WARN_ABOUT_RETURN_TYPE = YES_ERROR;
				GCC_WARN_UNDECLARED_SELECTOR = YES;
				GCC_WARN_UNINITIALIZED_AUTOS = YES_AGGRESSIVE;
				GCC_WARN_UNUSED_FUNCTION = YES;
				GCC_WARN_UNUSED_VARIABLE = YES;
				IPHONEOS_DEPLOYMENT_TARGET = 15.4;
				MTL_ENABLE_DEBUG_INFO = NO;
				MTL_FAST_MATH = YES;
				SDKROOT = iphoneos;
				SWIFT_COMPILATION_MODE = wholemodule;
				SWIFT_OPTIMIZATION_LEVEL = "-O";
				VALIDATE_PRODUCT = YES;
			};
			name = Release;
		};
		818C2E4428695C5400245C08 /* Debug */ = {
			isa = XCBuildConfiguration;
			buildSettings = {
				ASSETCATALOG_COMPILER_APPICON_NAME = AppIcon;
				ASSETCATALOG_COMPILER_GLOBAL_ACCENT_COLOR_NAME = AccentColor;
				CODE_SIGN_STYLE = Automatic;
				CURRENT_PROJECT_VERSION = 1;
				DEVELOPMENT_ASSET_PATHS = "";
				DEVELOPMENT_TEAM = N676ZFA7W8;
				ENABLE_PREVIEWS = YES;
				GENERATE_INFOPLIST_FILE = YES;
				INFOPLIST_KEY_UIApplicationSceneManifest_Generation = YES;
				INFOPLIST_KEY_UIApplicationSupportsIndirectInputEvents = YES;
				INFOPLIST_KEY_UILaunchScreen_Generation = YES;
				INFOPLIST_KEY_UISupportedInterfaceOrientations_iPad = "UIInterfaceOrientationPortrait UIInterfaceOrientationPortraitUpsideDown UIInterfaceOrientationLandscapeLeft UIInterfaceOrientationLandscapeRight";
				INFOPLIST_KEY_UISupportedInterfaceOrientations_iPhone = "UIInterfaceOrientationPortrait UIInterfaceOrientationLandscapeLeft UIInterfaceOrientationLandscapeRight";
				LD_RUNPATH_SEARCH_PATHS = (
					"$(inherited)",
					"@executable_path/Frameworks",
				);
				MARKETING_VERSION = 1.0;
				PRODUCT_BUNDLE_IDENTIFIER = com.Quarang.Test;
				PRODUCT_NAME = "$(TARGET_NAME)";
				SWIFT_EMIT_LOC_STRINGS = YES;
				SWIFT_VERSION = 5.0;
				TARGETED_DEVICE_FAMILY = "1,2";
			};
			name = Debug;
		};
		818C2E4528695C5400245C08 /* Release */ = {
			isa = XCBuildConfiguration;
			buildSettings = {
				ASSETCATALOG_COMPILER_APPICON_NAME = AppIcon;
				ASSETCATALOG_COMPILER_GLOBAL_ACCENT_COLOR_NAME = AccentColor;
				CODE_SIGN_STYLE = Automatic;
				CURRENT_PROJECT_VERSION = 1;
				DEVELOPMENT_ASSET_PATHS = "";
				DEVELOPMENT_TEAM = N676ZFA7W8;
				ENABLE_PREVIEWS = YES;
				GENERATE_INFOPLIST_FILE = YES;
				INFOPLIST_KEY_UIApplicationSceneManifest_Generation = YES;
				INFOPLIST_KEY_UIApplicationSupportsIndirectInputEvents = YES;
				INFOPLIST_KEY_UILaunchScreen_Generation = YES;
				INFOPLIST_KEY_UISupportedInterfaceOrientations_iPad = "UIInterfaceOrientationPortrait UIInterfaceOrientationPortraitUpsideDown UIInterfaceOrientationLandscapeLeft UIInterfaceOrientationLandscapeRight";
				INFOPLIST_KEY_UISupportedInterfaceOrientations_iPhone = "UIInterfaceOrientationPortrait UIInterfaceOrientationLandscapeLeft UIInterfaceOrientationLandscapeRight";
				LD_RUNPATH_SEARCH_PATHS = (
					"$(inherited)",
					"@executable_path/Frameworks",
				);
				MARKETING_VERSION = 1.0;
				PRODUCT_BUNDLE_IDENTIFIER = com.Quarang.Test;
				PRODUCT_NAME = "$(TARGET_NAME)";
				SWIFT_EMIT_LOC_STRINGS = YES;
				SWIFT_VERSION = 5.0;
				TARGETED_DEVICE_FAMILY = "1,2";
			};
			name = Release;
		};
		818C2E4728695C5400245C08 /* Debug */ = {
			isa = XCBuildConfiguration;
			buildSettings = {
				ALWAYS_EMBED_SWIFT_STANDARD_LIBRARIES = YES;
				BUNDLE_LOADER = "$(TEST_HOST)";
				CODE_SIGN_STYLE = Automatic;
				CURRENT_PROJECT_VERSION = 1;
				DEVELOPMENT_TEAM = N676ZFA7W8;
				GENERATE_INFOPLIST_FILE = YES;
				IPHONEOS_DEPLOYMENT_TARGET = 15.4;
				MARKETING_VERSION = 1.0;
				PRODUCT_BUNDLE_IDENTIFIER = com.Quarang.TestTests;
				PRODUCT_NAME = "$(TARGET_NAME)";
				SWIFT_EMIT_LOC_STRINGS = NO;
				SWIFT_VERSION = 5.0;
				TARGETED_DEVICE_FAMILY = "1,2";
				TEST_HOST = "$(BUILT_PRODUCTS_DIR)/Test_1.app/Test_1";
			};
			name = Debug;
		};
		818C2E4828695C5400245C08 /* Release */ = {
			isa = XCBuildConfiguration;
			buildSettings = {
				ALWAYS_EMBED_SWIFT_STANDARD_LIBRARIES = YES;
				BUNDLE_LOADER = "$(TEST_HOST)";
				CODE_SIGN_STYLE = Automatic;
				CURRENT_PROJECT_VERSION = 1;
				DEVELOPMENT_TEAM = N676ZFA7W8;
				GENERATE_INFOPLIST_FILE = YES;
				IPHONEOS_DEPLOYMENT_TARGET = 15.4;
				MARKETING_VERSION = 1.0;
				PRODUCT_BUNDLE_IDENTIFIER = com.Quarang.TestTests;
				PRODUCT_NAME = "$(TARGET_NAME)";
				SWIFT_EMIT_LOC_STRINGS = NO;
				SWIFT_VERSION = 5.0;
				TARGETED_DEVICE_FAMILY = "1,2";
				TEST_HOST = "$(BUILT_PRODUCTS_DIR)/Test_1.app/Test_1";
			};
			name = Release;
		};
		818C2E4A28695C5400245C08 /* Debug */ = {
			isa = XCBuildConfiguration;
			buildSettings = {
				ALWAYS_EMBED_SWIFT_STANDARD_LIBRARIES = YES;
				CODE_SIGN_STYLE = Automatic;
				CURRENT_PROJECT_VERSION = 1;
				DEVELOPMENT_TEAM = N676ZFA7W8;
				GENERATE_INFOPLIST_FILE = YES;
				MARKETING_VERSION = 1.0;
				PRODUCT_BUNDLE_IDENTIFIER = com.Quarang.TestUITests;
				PRODUCT_NAME = "$(TARGET_NAME)";
				SWIFT_EMIT_LOC_STRINGS = NO;
				SWIFT_VERSION = 5.0;
				TARGETED_DEVICE_FAMILY = "1,2";
				TEST_TARGET_NAME = Test;
			};
			name = Debug;
		};
		818C2E4B28695C5400245C08 /* Release */ = {
			isa = XCBuildConfiguration;
			buildSettings = {
				ALWAYS_EMBED_SWIFT_STANDARD_LIBRARIES = YES;
				CODE_SIGN_STYLE = Automatic;
				CURRENT_PROJECT_VERSION = 1;
				DEVELOPMENT_TEAM = N676ZFA7W8;
				GENERATE_INFOPLIST_FILE = YES;
				MARKETING_VERSION = 1.0;
				PRODUCT_BUNDLE_IDENTIFIER = com.Quarang.TestUITests;
				PRODUCT_NAME = "$(TARGET_NAME)";
				SWIFT_EMIT_LOC_STRINGS = NO;
				SWIFT_VERSION = 5.0;
				TARGETED_DEVICE_FAMILY = "1,2";
				TEST_TARGET_NAME = Test;
			};
			name = Release;
		};
/* End XCBuildConfiguration section */

/* Begin XCConfigurationList section */
		818C2E1A28695C5200245C08 /* Build configuration list for PBXProject "Test_1" */ = {
			isa = XCConfigurationList;
			buildConfigurations = (
				818C2E4128695C5400245C08 /* Debug */,
				818C2E4228695C5400245C08 /* Release */,
			);
			defaultConfigurationIsVisible = 0;
			defaultConfigurationName = Release;
		};
		818C2E4328695C5400245C08 /* Build configuration list for PBXNativeTarget "Test_1" */ = {
			isa = XCConfigurationList;
			buildConfigurations = (
				818C2E4428695C5400245C08 /* Debug */,
				818C2E4528695C5400245C08 /* Release */,
			);
			defaultConfigurationIsVisible = 0;
			defaultConfigurationName = Release;
		};
		818C2E4628695C5400245C08 /* Build configuration list for PBXNativeTarget "Test_1Test_1s" */ = {
			isa = XCConfigurationList;
			buildConfigurations = (
				818C2E4728695C5400245C08 /* Debug */,
				818C2E4828695C5400245C08 /* Release */,
			);
			defaultConfigurationIsVisible = 0;
			defaultConfigurationName = Release;
		};
		818C2E4928695C5400245C08 /* Build configuration list for PBXNativeTarget "Test_1UITest_1s" */ = {
			isa = XCConfigurationList;
			buildConfigurations = (
				818C2E4A28695C5400245C08 /* Debug */,
				818C2E4B28695C5400245C08 /* Release */,
			);
			defaultConfigurationIsVisible = 0;
			defaultConfigurationName = Release;
		};
/* End XCConfigurationList section */
	};
	rootObject = 818C2E1728695C5200245C08 /* Project object */;
}
